PODS:
  - Alamofire (4.9.1)
  - Kingfisher (6.3.0)
  - RxCocoa (6.2.0):
    - RxRelay (= 6.2.0)
    - RxSwift (= 6.2.0)
  - RxRelay (6.2.0):
    - RxSwift (= 6.2.0)
  - RxSwift (6.2.0)
  - SwiftyJSON (5.0.0)
  - youtube-ios-player-helper (1.0.3)

DEPENDENCIES:
  - Alamofire
  - Kingfisher (~> 6.0)
  - RxCocoa
  - RxSwift
  - SwiftyJSON
  - youtube-ios-player-helper

SPEC REPOS:
  trunk:
    - Alamofire
    - Kingfisher
    - RxCocoa
    - RxRelay
    - RxSwift
    - SwiftyJSON
    - youtube-ios-player-helper

SPEC CHECKSUMS:
  Alamofire: 85e8a02c69d6020a0d734f6054870d7ecb75cf18
  Kingfisher: 6c3df386db71d82c0817a429d2c9421a77396529
  RxCocoa: 4baf94bb35f2c0ab31bc0cb9f1900155f646ba42
  RxRelay: e72dbfd157807478401ef1982e1c61c945c94b2f
  RxSwift: d356ab7bee873611322f134c5f9ef379fa183d8f
  SwiftyJSON: 36413e04c44ee145039d332b4f4e2d3e8d6c4db7
  youtube-ios-player-helper: 0185c57db23c80d63d6ca11251d110abb8a4ca61

PODFILE CHECKSUM: 9c6a93367dac85e5943e77b1dc2f4ad6e447e34e

COCOAPODS: 1.10.1
